version = 1
revision = 3
requires-python = ">=3.10"

[[package]]
name = "cffi"
version = "1.17.1"
source = { registry = "https://pypi.org/simple" }
dependencies = [
    { name = "pycparser" },
]
sdist = { url = "https://files.pythonhosted.org/packages/fc/97/c783634659c2920c3fc70419e3af40972dbaf758daa229a7d6ea6135c90d/cffi-1.17.1.tar.gz", hash = "sha256:1c39c6016c32bc48dd54561950ebd6836e1670f2ae46128f67cf49e789c52824", size = 516621, upload-time = "2024-09-04T20:45:21.852Z" }
wheels = [
    { url = "https://files.pythonhosted.org/packages/90/07/f44ca684db4e4f08a3fdc6eeb9a0d15dc6883efc7b8c90357fdbf74e186c/cffi-1.17.1-cp310-cp310-macosx_10_9_x86_64.whl", hash = "sha256:df8b1c11f177bc2313ec4b2d46baec87a5f3e71fc8b45dab2ee7cae86d9aba14", size = 182191, upload-time = "2024-09-04T20:43:30.027Z" },
    { url = "https://files.pythonhosted.org/packages/08/fd/cc2fedbd887223f9f5d170c96e57cbf655df9831a6546c1727ae13fa977a/cffi-1.17.1-cp310-cp310-macosx_11_0_arm64.whl", hash = "sha256:8f2cdc858323644ab277e9bb925ad72ae0e67f69e804f4898c070998d50b1a67", size = 178592, upload-time = "2024-09-04T20:43:32.108Z" },
    { url = "https://files.pythonhosted.org/packages/de/cc/4635c320081c78d6ffc2cab0a76025b691a91204f4aa317d568ff9280a2d/cffi-1.17.1-cp310-cp310-manylinux_2_12_i686.manylinux2010_i686.manylinux_2_17_i686.manylinux2014_i686.whl", hash = "sha256:edae79245293e15384b51f88b00613ba9f7198016a5948b5dddf4917d4d26382", size = 426024, upload-time = "2024-09-04T20:43:34.186Z" },
    { url = "https://files.pythonhosted.org/packages/b6/7b/3b2b250f3aab91abe5f8a51ada1b717935fdaec53f790ad4100fe2ec64d1/cffi-1.17.1-cp310-cp310-manylinux_2_17_aarch64.manylinux2014_aarch64.whl", hash = "sha256:45398b671ac6d70e67da8e4224a065cec6a93541bb7aebe1b198a61b58c7b702", size = 448188, upload-time = "2024-09-04T20:43:36.286Z" },
    { url = "https://files.pythonhosted.org/packages/d3/48/1b9283ebbf0ec065148d8de05d647a986c5f22586b18120020452fff8f5d/cffi-1.17.1-cp310-cp310-manylinux_2_17_ppc64le.manylinux2014_ppc64le.whl", hash = "sha256:ad9413ccdeda48c5afdae7e4fa2192157e991ff761e7ab8fdd8926f40b160cc3", size = 455571, upload-time = "2024-09-04T20:43:38.586Z" },
    { url = "https://files.pythonhosted.org/packages/40/87/3b8452525437b40f39ca7ff70276679772ee7e8b394934ff60e63b7b090c/cffi-1.17.1-cp310-cp310-manylinux_2_17_s390x.manylinux2014_s390x.whl", hash = "sha256:5da5719280082ac6bd9aa7becb3938dc9f9cbd57fac7d2871717b1feb0902ab6", size = 436687, upload-time = "2024-09-04T20:43:40.084Z" },
    { url = "https://files.pythonhosted.org/packages/8d/fb/4da72871d177d63649ac449aec2e8a29efe0274035880c7af59101ca2232/cffi-1.17.1-cp310-cp310-manylinux_2_17_x86_64.manylinux2014_x86_64.whl", hash = "sha256:2bb1a08b8008b281856e5971307cc386a8e9c5b625ac297e853d36da6efe9c17", size = 446211, upload-time = "2024-09-04T20:43:41.526Z" },
    { url = "https://files.pythonhosted.org/packages/ab/a0/62f00bcb411332106c02b663b26f3545a9ef136f80d5df746c05878f8c4b/cffi-1.17.1-cp310-cp310-musllinux_1_1_aarch64.whl", hash = "sha256:045d61c734659cc045141be4bae381a41d89b741f795af1dd018bfb532fd0df8", size = 461325, upload-time = "2024-09-04T20:43:43.117Z" },
    { url = "https://files.pythonhosted.org/packages/36/83/76127035ed2e7e27b0787604d99da630ac3123bfb02d8e80c633f218a11d/cffi-1.17.1-cp310-cp310-musllinux_1_1_i686.whl", hash = "sha256:6883e737d7d9e4899a8a695e00ec36bd4e5e4f18fabe0aca0efe0a4b44cdb13e", size = 438784, upload-time = "2024-09-04T20:43:45.256Z" },
    { url = "https://files.pythonhosted.org/packages/21/81/a6cd025db2f08ac88b901b745c163d884641909641f9b826e8cb87645942/cffi-1.17.1-cp310-cp310-musllinux_1_1_x86_64.whl", hash = "sha256:6b8b4a92e1c65048ff98cfe1f735ef8f1ceb72e3d5f0c25fdb12087a23da22be", size = 461564, upload-time = "2024-09-04T20:43:46.779Z" },
    { url = "https://files.pythonhosted.org/packages/f8/fe/4d41c2f200c4a457933dbd98d3cf4e911870877bd94d9656cc0fcb390681/cffi-1.17.1-cp310-cp310-win32.whl", hash = "sha256:c9c3d058ebabb74db66e431095118094d06abf53284d9c81f27300d0e0d8bc7c", size = 171804, upload-time = "2024-09-04T20:43:48.186Z" },
    { url = "https://files.pythonhosted.org/packages/d1/b6/0b0f5ab93b0df4acc49cae758c81fe4e5ef26c3ae2e10cc69249dfd8b3ab/cffi-1.17.1-cp310-cp310-win_amd64.whl", hash = "sha256:0f048dcf80db46f0098ccac01132761580d28e28bc0f78ae0d58048063317e15", size = 181299, upload-time = "2024-09-04T20:43:49.812Z" },
    { url = "https://files.pythonhosted.org/packages/6b/f4/927e3a8899e52a27fa57a48607ff7dc91a9ebe97399b357b85a0c7892e00/cffi-1.17.1-cp311-cp311-macosx_10_9_x86_64.whl", hash = "sha256:a45e3c6913c5b87b3ff120dcdc03f6131fa0065027d0ed7ee6190736a74cd401", size = 182264, upload-time = "2024-09-04T20:43:51.124Z" },
    { url = "https://files.pythonhosted.org/packages/6c/f5/6c3a8efe5f503175aaddcbea6ad0d2c96dad6f5abb205750d1b3df44ef29/cffi-1.17.1-cp311-cp311-macosx_11_0_arm64.whl", hash = "sha256:30c5e0cb5ae493c04c8b42916e52ca38079f1b235c2f8ae5f4527b963c401caf", size = 178651, upload-time = "2024-09-04T20:43:52.872Z" },
    { url = "https://files.pythonhosted.org/packages/94/dd/a3f0118e688d1b1a57553da23b16bdade96d2f9bcda4d32e7d2838047ff7/cffi-1.17.1-cp311-cp311-manylinux_2_12_i686.manylinux2010_i686.manylinux_2_17_i686.manylinux2014_i686.whl", hash = "sha256:f75c7ab1f9e4aca5414ed4d8e5c0e303a34f4421f8a0d47a4d019ceff0ab6af4", size = 445259, upload-time = "2024-09-04T20:43:56.123Z" },
    { url = "https://files.pythonhosted.org/packages/2e/ea/70ce63780f096e16ce8588efe039d3c4f91deb1dc01e9c73a287939c79a6/cffi-1.17.1-cp311-cp311-manylinux_2_17_aarch64.manylinux2014_aarch64.whl", hash = "sha256:a1ed2dd2972641495a3ec98445e09766f077aee98a1c896dcb4ad0d303628e41", size = 469200, upload-time = "2024-09-04T20:43:57.891Z" },
    { url = "https://files.pythonhosted.org/packages/1c/a0/a4fa9f4f781bda074c3ddd57a572b060fa0df7655d2a4247bbe277200146/cffi-1.17.1-cp311-cp311-manylinux_2_17_ppc64le.manylinux2014_ppc64le.whl", hash = "sha256:46bf43160c1a35f7ec506d254e5c890f3c03648a4dbac12d624e4490a7046cd1", size = 477235, upload-time = "2024-09-04T20:44:00.18Z" },
    { url = "https://files.pythonhosted.org/packages/62/12/ce8710b5b8affbcdd5c6e367217c242524ad17a02fe5beec3ee339f69f85/cffi-1.17.1-cp311-cp311-manylinux_2_17_s390x.manylinux2014_s390x.whl", hash = "sha256:a24ed04c8ffd54b0729c07cee15a81d964e6fee0e3d4d342a27b020d22959dc6", size = 459721, upload-time = "2024-09-04T20:44:01.585Z" },
    { url = "https://files.pythonhosted.org/packages/ff/6b/d45873c5e0242196f042d555526f92aa9e0c32355a1be1ff8c27f077fd37/cffi-1.17.1-cp311-cp311-manylinux_2_17_x86_64.manylinux2014_x86_64.whl", hash = "sha256:610faea79c43e44c71e1ec53a554553fa22321b65fae24889706c0a84d4ad86d", size = 467242, upload-time = "2024-09-04T20:44:03.467Z" },
    { url = "https://files.pythonhosted.org/packages/1a/52/d9a0e523a572fbccf2955f5abe883cfa8bcc570d7faeee06336fbd50c9fc/cffi-1.17.1-cp311-cp311-musllinux_1_1_aarch64.whl", hash = "sha256:a9b15d491f3ad5d692e11f6b71f7857e7835eb677955c00cc0aefcd0669adaf6", size = 477999, upload-time = "2024-09-04T20:44:05.023Z" },
    { url = "https://files.pythonhosted.org/packages/44/74/f2a2460684a1a2d00ca799ad880d54652841a780c4c97b87754f660c7603/cffi-1.17.1-cp311-cp311-musllinux_1_1_i686.whl", hash = "sha256:de2ea4b5833625383e464549fec1bc395c1bdeeb5f25c4a3a82b5a8c756ec22f", size = 454242, upload-time = "2024-09-04T20:44:06.444Z" },
    { url = "https://files.pythonhosted.org/packages/f8/4a/34599cac7dfcd888ff54e801afe06a19c17787dfd94495ab0c8d35fe99fb/cffi-1.17.1-cp311-cp311-musllinux_1_1_x86_64.whl", hash = "sha256:fc48c783f9c87e60831201f2cce7f3b2e4846bf4d8728eabe54d60700b318a0b", size = 478604, upload-time = "2024-09-04T20:44:08.206Z" },
    { url = "https://files.pythonhosted.org/packages/34/33/e1b8a1ba29025adbdcda5fb3a36f94c03d771c1b7b12f726ff7fef2ebe36/cffi-1.17.1-cp311-cp311-win32.whl", hash = "sha256:85a950a4ac9c359340d5963966e3e0a94a676bd6245a4b55bc43949eee26a655", size = 171727, upload-time = "2024-09-04T20:44:09.481Z" },
    { url = "https://files.pythonhosted.org/packages/3d/97/50228be003bb2802627d28ec0627837ac0bf35c90cf769812056f235b2d1/cffi-1.17.1-cp311-cp311-win_amd64.whl", hash = "sha256:caaf0640ef5f5517f49bc275eca1406b0ffa6aa184892812030f04c2abf589a0", size = 181400, upload-time = "2024-09-04T20:44:10.873Z" },
    { url = "https://files.pythonhosted.org/packages/5a/84/e94227139ee5fb4d600a7a4927f322e1d4aea6fdc50bd3fca8493caba23f/cffi-1.17.1-cp312-cp312-macosx_10_9_x86_64.whl", hash = "sha256:805b4371bf7197c329fcb3ead37e710d1bca9da5d583f5073b799d5c5bd1eee4", size = 183178, upload-time = "2024-09-04T20:44:12.232Z" },
    { url = "https://files.pythonhosted.org/packages/da/ee/fb72c2b48656111c4ef27f0f91da355e130a923473bf5ee75c5643d00cca/cffi-1.17.1-cp312-cp312-macosx_11_0_arm64.whl", hash = "sha256:733e99bc2df47476e3848417c5a4540522f234dfd4ef3ab7fafdf555b082ec0c", size = 178840, upload-time = "2024-09-04T20:44:13.739Z" },
    { url = "https://files.pythonhosted.org/packages/cc/b6/db007700f67d151abadf508cbfd6a1884f57eab90b1bb985c4c8c02b0f28/cffi-1.17.1-cp312-cp312-manylinux_2_12_i686.manylinux2010_i686.manylinux_2_17_i686.manylinux2014_i686.whl", hash = "sha256:1257bdabf294dceb59f5e70c64a3e2f462c30c7ad68092d01bbbfb1c16b1ba36", size = 454803, upload-time = "2024-09-04T20:44:15.231Z" },
    { url = "https://files.pythonhosted.org/packages/1a/df/f8d151540d8c200eb1c6fba8cd0dfd40904f1b0682ea705c36e6c2e97ab3/cffi-1.17.1-cp312-cp312-manylinux_2_17_aarch64.manylinux2014_aarch64.whl", hash = "sha256:da95af8214998d77a98cc14e3a3bd00aa191526343078b530ceb0bd710fb48a5", size = 478850, upload-time = "2024-09-04T20:44:17.188Z" },
    { url = "https://files.pythonhosted.org/packages/28/c0/b31116332a547fd2677ae5b78a2ef662dfc8023d67f41b2a83f7c2aa78b1/cffi-1.17.1-cp312-cp312-manylinux_2_17_ppc64le.manylinux2014_ppc64le.whl", hash = "sha256:d63afe322132c194cf832bfec0dc69a99fb9bb6bbd550f161a49e9e855cc78ff", size = 485729, upload-time = "2024-09-04T20:44:18.688Z" },
    { url = "https://files.pythonhosted.org/packages/91/2b/9a1ddfa5c7f13cab007a2c9cc295b70fbbda7cb10a286aa6810338e60ea1/cffi-1.17.1-cp312-cp312-manylinux_2_17_s390x.manylinux2014_s390x.whl", hash = "sha256:f79fc4fc25f1c8698ff97788206bb3c2598949bfe0fef03d299eb1b5356ada99", size = 471256, upload-time = "2024-09-04T20:44:20.248Z" },
    { url = "https://files.pythonhosted.org/packages/b2/d5/da47df7004cb17e4955df6a43d14b3b4ae77737dff8bf7f8f333196717bf/cffi-1.17.1-cp312-cp312-manylinux_2_17_x86_64.manylinux2014_x86_64.whl", hash = "sha256:b62ce867176a75d03a665bad002af8e6d54644fad99a3c70905c543130e39d93", size = 479424, upload-time = "2024-09-04T20:44:21.673Z" },
    { url = "https://files.pythonhosted.org/packages/0b/ac/2a28bcf513e93a219c8a4e8e125534f4f6db03e3179ba1c45e949b76212c/cffi-1.17.1-cp312-cp312-musllinux_1_1_aarch64.whl", hash = "sha256:386c8bf53c502fff58903061338ce4f4950cbdcb23e2902d86c0f722b786bbe3", size = 484568, upload-time = "2024-09-04T20:44:23.245Z" },
    { url = "https://files.pythonhosted.org/packages/d4/38/ca8a4f639065f14ae0f1d9751e70447a261f1a30fa7547a828ae08142465/cffi-1.17.1-cp312-cp312-musllinux_1_1_x86_64.whl", hash = "sha256:4ceb10419a9adf4460ea14cfd6bc43d08701f0835e979bf821052f1805850fe8", size = 488736, upload-time = "2024-09-04T20:44:24.757Z" },
    { url = "https://files.pythonhosted.org/packages/86/c5/28b2d6f799ec0bdecf44dced2ec5ed43e0eb63097b0f58c293583b406582/cffi-1.17.1-cp312-cp312-win32.whl", hash = "sha256:a08d7e755f8ed21095a310a693525137cfe756ce62d066e53f502a83dc550f65", size = 172448, upload-time = "2024-09-04T20:44:26.208Z" },
    { url = "https://files.pythonhosted.org/packages/50/b9/db34c4755a7bd1cb2d1603ac3863f22bcecbd1ba29e5ee841a4bc510b294/cffi-1.17.1-cp312-cp312-win_amd64.whl", hash = "sha256:51392eae71afec0d0c8fb1a53b204dbb3bcabcb3c9b807eedf3e1e6ccf2de903", size = 181976, upload-time = "2024-09-04T20:44:27.578Z" },
    { url = "https://files.pythonhosted.org/packages/8d/f8/dd6c246b148639254dad4d6803eb6a54e8c85c6e11ec9df2cffa87571dbe/cffi-1.17.1-cp313-cp313-macosx_10_13_x86_64.whl", hash = "sha256:f3a2b4222ce6b60e2e8b337bb9596923045681d71e5a082783484d845390938e", size = 182989, upload-time = "2024-09-04T20:44:28.956Z" },
    { url = "https://files.pythonhosted.org/packages/8b/f1/672d303ddf17c24fc83afd712316fda78dc6fce1cd53011b839483e1ecc8/cffi-1.17.1-cp313-cp313-macosx_11_0_arm64.whl", hash = "sha256:0984a4925a435b1da406122d4d7968dd861c1385afe3b45ba82b750f229811e2", size = 178802, upload-time = "2024-09-04T20:44:30.289Z" },
    { url = "https://files.pythonhosted.org/packages/0e/2d/eab2e858a91fdff70533cab61dcff4a1f55ec60425832ddfdc9cd36bc8af/cffi-1.17.1-cp313-cp313-manylinux_2_12_i686.manylinux2010_i686.manylinux_2_17_i686.manylinux2014_i686.whl", hash = "sha256:d01b12eeeb4427d3110de311e1774046ad344f5b1a7403101878976ecd7a10f3", size = 454792, upload-time = "2024-09-04T20:44:32.01Z" },
    { url = "https://files.pythonhosted.org/packages/75/b2/fbaec7c4455c604e29388d55599b99ebcc250a60050610fadde58932b7ee/cffi-1.17.1-cp313-cp313-manylinux_2_17_aarch64.manylinux2014_aarch64.whl", hash = "sha256:706510fe141c86a69c8ddc029c7910003a17353970cff3b904ff0686a5927683", size = 478893, upload-time = "2024-09-04T20:44:33.606Z" },
    { url = "https://files.pythonhosted.org/packages/4f/b7/6e4a2162178bf1935c336d4da8a9352cccab4d3a5d7914065490f08c0690/cffi-1.17.1-cp313-cp313-manylinux_2_17_ppc64le.manylinux2014_ppc64le.whl", hash = "sha256:de55b766c7aa2e2a3092c51e0483d700341182f08e67c63630d5b6f200bb28e5", size = 485810, upload-time = "2024-09-04T20:44:35.191Z" },
    { url = "https://files.pythonhosted.org/packages/c7/8a/1d0e4a9c26e54746dc08c2c6c037889124d4f59dffd853a659fa545f1b40/cffi-1.17.1-cp313-cp313-manylinux_2_17_s390x.manylinux2014_s390x.whl", hash = "sha256:c59d6e989d07460165cc5ad3c61f9fd8f1b4796eacbd81cee78957842b834af4", size = 471200, upload-time = "2024-09-04T20:44:36.743Z" },
    { url = "https://files.pythonhosted.org/packages/26/9f/1aab65a6c0db35f43c4d1b4f580e8df53914310afc10ae0397d29d697af4/cffi-1.17.1-cp313-cp313-manylinux_2_17_x86_64.manylinux2014_x86_64.whl", hash = "sha256:dd398dbc6773384a17fe0d3e7eeb8d1a21c2200473ee6806bb5e6a8e62bb73dd", size = 479447, upload-time = "2024-09-04T20:44:38.492Z" },
    { url = "https://files.pythonhosted.org/packages/5f/e4/fb8b3dd8dc0e98edf1135ff067ae070bb32ef9d509d6cb0f538cd6f7483f/cffi-1.17.1-cp313-cp313-musllinux_1_1_aarch64.whl", hash = "sha256:3edc8d958eb099c634dace3c7e16560ae474aa3803a5df240542b305d14e14ed", size = 484358, upload-time = "2024-09-04T20:44:40.046Z" },
    { url = "https://files.pythonhosted.org/packages/f1/47/d7145bf2dc04684935d57d67dff9d6d795b2ba2796806bb109864be3a151/cffi-1.17.1-cp313-cp313-musllinux_1_1_x86_64.whl", hash = "sha256:72e72408cad3d5419375fc87d289076ee319835bdfa2caad331e377589aebba9", size = 488469, upload-time = "2024-09-04T20:44:41.616Z" },
    { url = "https://files.pythonhosted.org/packages/bf/ee/f94057fa6426481d663b88637a9a10e859e492c73d0384514a17d78ee205/cffi-1.17.1-cp313-cp313-win32.whl", hash = "sha256:e03eab0a8677fa80d646b5ddece1cbeaf556c313dcfac435ba11f107ba117b5d", size = 172475, upload-time = "2024-09-04T20:44:43.733Z" },
    { url = "https://files.pythonhosted.org/packages/7c/fc/6a8cb64e5f0324877d503c854da15d76c1e50eb722e320b15345c4d0c6de/cffi-1.17.1-cp313-cp313-win_amd64.whl", hash = "sha256:f6a16c31041f09ead72d69f583767292f750d24913dadacf5756b966aacb3f1a", size = 182009, upload-time = "2024-09-04T20:44:45.309Z" },
]

[[package]]
name = "mazer"
version = "0.1.0"
source = { virtual = "." }
dependencies = [
    { name = "raylib" },
]

[package.metadata]
requires-dist = [{ name = "raylib", specifier = ">=5.5.0.3" }]

[[package]]
name = "pycparser"
version = "2.22"
source = { registry = "https://pypi.org/simple" }
sdist = { url = "https://files.pythonhosted.org/packages/1d/b2/31537cf4b1ca988837256c910a668b553fceb8f069bedc4b1c826024b52c/pycparser-2.22.tar.gz", hash = "sha256:491c8be9c040f5390f5bf44a5b07752bd07f56edf992381b05c701439eec10f6", size = 172736, upload-time = "2024-03-30T13:22:22.564Z" }
wheels = [
    { url = "https://files.pythonhosted.org/packages/13/a3/a812df4e2dd5696d1f351d58b8fe16a405b234ad2886a0dab9183fb78109/pycparser-2.22-py3-none-any.whl", hash = "sha256:c3702b6d3dd8c7abc1afa565d7e63d53a1d0bd86cdc24edd75470f4de499cfcc", size = 117552, upload-time = "2024-03-30T13:22:20.476Z" },
]

[[package]]
name = "raylib"
version = "5.5.0.3"
source = { registry = "https://pypi.org/simple" }
dependencies = [
    { name = "cffi" },
]
sdist = { url = "https://files.pythonhosted.org/packages/86/77/be23455a3ad6588860daa7cea0c27e762858d7e3a6dc81b5b7fc2bb972a1/raylib-5.5.0.3.tar.gz", hash = "sha256:f7cfabe7400bf334fc953df6ab99c7435cd4b2251c495040a48d22d44544080a", size = 184322, upload-time = "2025-09-03T16:04:22.577Z" }
wheels = [
    { url = "https://files.pythonhosted.org/packages/34/c2/d724b63f63e601b9ea7bc9a278eed4c1d3936a46b6297206bd0cda0f3247/raylib-5.5.0.3-cp310-cp310-macosx_13_0_x86_64.whl", hash = "sha256:4d3ac03385c643c1f557d9338489dc872e6168874df1106a937c19c42fc810c7", size = 1360642, upload-time = "2025-09-03T16:02:28.477Z" },
    { url = "https://files.pythonhosted.org/packages/d0/dc/a1fa6ce389b11f2b765f42b05f5aaaf7b1f9c67baa2a9b202c943e6506a7/raylib-5.5.0.3-cp310-cp310-macosx_15_0_arm64.whl", hash = "sha256:be3efd69e1ab7422ae4ddd505ef4642f684a1db38c329aa53832c183333047fa", size = 1256122, upload-time = "2025-09-03T16:08:11.13Z" },
    { url = "https://files.pythonhosted.org/packages/89/25/6e75809d79cd3bb21c883275934f6f84f8783d30597ec59dc6d461d22fa5/raylib-5.5.0.3-cp310-cp310-manylinux2014_aarch64.whl", hash = "sha256:f5e984d5a86521e56ef65719a75cd09426140924549cd8bbadfe7317ba9977ea", size = 2187440, upload-time = "2025-09-03T16:08:13.495Z" },
    { url = "https://files.pythonhosted.org/packages/59/dc/20e4d954a027086b50b7547d1692cfb5688c2ec7773dabb993e788e630bc/raylib-5.5.0.3-cp310-cp310-manylinux2014_x86_64.manylinux_2_17_x86_64.whl", hash = "sha256:359e422ed762cd4c7be478a9c4e147456573d69b142621bac99d663cd2b1bca5", size = 2186814, upload-time = "2025-09-03T16:02:31.522Z" },
    { url = "https://files.pythonhosted.org/packages/f0/18/e544095786b41836329eac19b3b29fa7dad5546daafab9ad10c7caa3cc53/raylib-5.5.0.3-cp310-cp310-win_amd64.whl", hash = "sha256:fcfb931427196450e10cc9ab707aae706f5480cc4df9a3cb7126bb7edc912627", size = 1705382, upload-time = "2025-09-03T16:02:33.991Z" },
    { url = "https://files.pythonhosted.org/packages/17/f6/2d41282332286fcef2cd782580c5190513a5229c98e0e1d4569c00740d4f/raylib-5.5.0.3-cp311-cp311-macosx_10_13_x86_64.whl", hash = "sha256:07e43f2130017da557957dded9fd53abd81d7c0bc4d8f274f2f77027012026f7", size = 1640623, upload-time = "2025-09-03T16:02:36.43Z" },
    { url = "https://files.pythonhosted.org/packages/c0/3a/801c147ef5232ad87184357655330914e99d4a8b4ef3b0cc7c97dca9f935/raylib-5.5.0.3-cp311-cp311-macosx_15_0_arm64.whl", hash = "sha256:299a0eb585255ff301c5625a139fceeb051bdd0610adcf573079e28c1b4573b1", size = 1256123, upload-time = "2025-09-03T16:08:15.313Z" },
    { url = "https://files.pythonhosted.org/packages/52/e5/975d330602020eb51f7f3d71e9138886a67bb0f49da490d52324efb5449a/raylib-5.5.0.3-cp311-cp311-manylinux2014_aarch64.whl", hash = "sha256:02ed5e8aceea781a9b1ef7d2cbef5e972e471ac094da2d9d2ee0d659b6f8a3d3", size = 2187927, upload-time = "2025-09-03T16:08:18.035Z" },
    { url = "https://files.pythonhosted.org/packages/91/ca/f64a6e4f5a8231e80f6378fa495ed5f31cd60f9d09bc24adbc00553fd9b7/raylib-5.5.0.3-cp311-cp311-manylinux2014_x86_64.manylinux_2_17_x86_64.whl", hash = "sha256:ee9c6d5c1c10fd2a5969f3bbffa959ffa350d2ba4ff09e9aa46abc1bc0e610df", size = 2187545, upload-time = "2025-09-03T16:02:38.7Z" },
    { url = "https://files.pythonhosted.org/packages/36/46/d9957fcb5755aeb8f391db5147b126564f7f0242b1c780014d48cf7b71c8/raylib-5.5.0.3-cp311-cp311-win_amd64.whl", hash = "sha256:995661b7987cac76e4b06f2561d465416c0232210aa3a13e721f018ad8be35df", size = 1705384, upload-time = "2025-09-03T16:02:41.196Z" },
    { url = "https://files.pythonhosted.org/packages/c3/12/8f4f08416de3a01c6c6c4ee9fd29a298a4f0c1de602f00e4add91a4b2bd3/raylib-5.5.0.3-cp312-cp312-macosx_10_13_x86_64.whl", hash = "sha256:0efb1feac28512fc1097a360ef9b7f17625088bcbeeeb5275913f93358d41241", size = 1644996, upload-time = "2025-09-03T16:02:43.667Z" },
    { url = "https://files.pythonhosted.org/packages/8f/37/37f1a5e8f778f9d6715932a497136ff0bba06e3a304543c82503ad6be2dd/raylib-5.5.0.3-cp312-cp312-macosx_15_0_arm64.whl", hash = "sha256:d620275ffaa279e4f6bb88be4fa1a50a5ebc6a94c74e411cf15c7474dfb06027", size = 1257758, upload-time = "2025-09-03T16:08:20.835Z" },
    { url = "https://files.pythonhosted.org/packages/38/9b/f79aaa3a3e043d2661cdea073cedd6ce9961aef59d9a7ad6a913d8b7bf30/raylib-5.5.0.3-cp312-cp312-manylinux2014_aarch64.whl", hash = "sha256:7b1a7b2f5739407889bc38a68c9bcc91a30591f6d2f0837caad708e4113d9e0f", size = 2198841, upload-time = "2025-09-03T16:08:24.218Z" },
    { url = "https://files.pythonhosted.org/packages/bf/5c/ee254f409700dc2d0ffd417f01c4c0bc14a6c50f5fa8ffefa3259e06f5b0/raylib-5.5.0.3-cp312-cp312-manylinux2014_x86_64.manylinux_2_17_x86_64.whl", hash = "sha256:791beba74c173ea856cbefaa9e7c5ad94948b81c532c68eaea32ad225285cff6", size = 2205544, upload-time = "2025-09-03T16:02:45.978Z" },
    { url = "https://files.pythonhosted.org/packages/d7/ed/5932409cb851039df540e3cd888a498b37b43fc7286c080f15af299de877/raylib-5.5.0.3-cp312-cp312-win_amd64.whl", hash = "sha256:cf2f89735591c5f1a983e35ff0018b6a11c32b9a7e088d529e562e81ff52dd3c", size = 1708191, upload-time = "2025-09-03T16:02:48.452Z" },
    { url = "https://files.pythonhosted.org/packages/e9/ee/f3078da7168789840cae2e8af1c5c57519941c9fc561db7ff6def6c9131b/raylib-5.5.0.3-cp313-cp313-macosx_10_13_x86_64.whl", hash = "sha256:c6bc7563fbe0b53aba8d79b9437921bd63e2b1a706434d56ec18c4e7dd59d431", size = 1644917, upload-time = "2025-09-03T16:02:50.509Z" },
    { url = "https://files.pythonhosted.org/packages/6f/5d/1ce67531e6b08c34c5f6c1747bca6f77f539cb22a542d840592c719fdd83/raylib-5.5.0.3-cp313-cp313-macosx_15_0_arm64.whl", hash = "sha256:0866d065ae99de7ad90f6fb5511b00cae1dc93aea8d0045bd3564d60774a3a79", size = 1257694, upload-time = "2025-09-03T16:08:26.525Z" },
    { url = "https://files.pythonhosted.org/packages/85/eb/b80df6971cf8c0dcbcb25fd878610dd9392f8dd9be4436f24ce3268e301b/raylib-5.5.0.3-cp313-cp313-manylinux2014_aarch64.whl", hash = "sha256:30fce3d12ac14647ef88ce3300244b03e9a30cb0c88f5406565b5ff791b9e315", size = 2199253, upload-time = "2025-09-03T16:08:28.864Z" },
    { url = "https://files.pythonhosted.org/packages/2b/5e/c872ab1fb732740b115a40cda48e2e8b72153ef6c06f133c75adcbff4e36/raylib-5.5.0.3-cp313-cp313-manylinux2014_x86_64.manylinux_2_17_x86_64.whl", hash = "sha256:bcdd119fd87618ce3c1f1ae29345061bc2c3d97ec3063d2f575f26586b1e4fd7", size = 2205557, upload-time = "2025-09-03T16:02:52.874Z" },
    { url = "https://files.pythonhosted.org/packages/a8/68/39916a71cb323be16074040146a53222d33542002f4f7b970f570a14c7d8/raylib-5.5.0.3-cp313-cp313-win_amd64.whl", hash = "sha256:afdafe2316dd2c2fd734968475a19211420c44353eda3a35b7b688bb38e3a9bf", size = 1708193, upload-time = "2025-09-03T16:02:54.992Z" },
    { url = "https://files.pythonhosted.org/packages/e4/e5/12c210a1247bf0aa206ce6058fc72a687b61df6c543656a16cb9aaacbb20/raylib-5.5.0.3-cp314-cp314-macosx_10_15_x86_64.whl", hash = "sha256:176f3d8a2e448ff1a486ac1ac10c831dde488c97c0063ba8226f7c3c1b507127", size = 1645374, upload-time = "2025-09-03T16:02:58.8Z" },
    { url = "https://files.pythonhosted.org/packages/34/48/29d16231b65b1a897c82ecabecc0683b6ee591dcec4ff44a7d469c21978d/raylib-5.5.0.3-cp314-cp314-win_amd64.whl", hash = "sha256:ffe8c02f2c206d5f75bd87a7920a182bbb4cf4957d1ce0fb92900a51cdc58f73", size = 1763072, upload-time = "2025-09-03T16:03:01.465Z" },
    { url = "https://files.pythonhosted.org/packages/e8/c2/2c3a242d526eeea47a4de619f42915eb21ba180a9be259c486fcf98429c5/raylib-5.5.0.3-pp310-pypy310_pp73-macosx_10_15_x86_64.whl", hash = "sha256:caa335abb2e64c2472ffac9ab07bbe27d652a88646d2c1883434a1f5ffd4abb8", size = 1218957, upload-time = "2025-09-03T16:03:03.418Z" },
    { url = "https://files.pythonhosted.org/packages/1d/45/e1d6795816a873d879cc9da5292aaa8f1779274287cd300741963366bc51/raylib-5.5.0.3-pp310-pypy310_pp73-manylinux2014_x86_64.manylinux_2_17_x86_64.whl", hash = "sha256:f95a4ff5c265f878c3aea804df06799cde0ffea5a59451f23898aef6974ca9ea", size = 1433739, upload-time = "2025-09-03T16:03:05.575Z" },
    { url = "https://files.pythonhosted.org/packages/cb/d7/270fc2a49d69753bc3a7698b58c4063ff7aeb9287fed54e86ec37d025a3d/raylib-5.5.0.3-pp310-pypy310_pp73-win_amd64.whl", hash = "sha256:1b89a064fc70cca7eaada19320824df00d852bb5c23c48aa6fd2d1106873b840", size = 1572299, upload-time = "2025-09-03T16:03:08.147Z" },
    { url = "https://files.pythonhosted.org/packages/8d/47/a6661a5ef715966f740e05b52e5b9d6381de8077b64642315de9d0e4b80c/raylib-5.5.0.3-pp311-pypy311_pp73-macosx_10_15_x86_64.whl", hash = "sha256:8778876dcc5895d5f360ad95c15231c8d0a0af43baf436c052f2a50cb4fb9788", size = 1218941, upload-time = "2025-09-03T16:03:10.234Z" },
    { url = "https://files.pythonhosted.org/packages/3e/74/8c28931789a4670da3389e270f92b27adef41a9b84504ae0a9d3940cee55/raylib-5.5.0.3-pp311-pypy311_pp73-manylinux2014_x86_64.manylinux_2_17_x86_64.whl", hash = "sha256:d9eeedc8e6d7ad94f62ec33b89dd95e6873c4c0ed61173cb12e68938e66e68ae", size = 1433740, upload-time = "2025-09-03T16:03:12.288Z" },
    { url = "https://files.pythonhosted.org/packages/d7/35/dbc962cdb5cff97f111df58fa0a45f4c9af223409defb9e66034ec7aa007/raylib-5.5.0.3-pp311-pypy311_pp73-win_amd64.whl", hash = "sha256:415f5f0a0105ba32d3e433b7c1be8181bc4eec1a9af7ecead1af133bf9436af0", size = 1572295, upload-time = "2025-09-03T16:03:14.646Z" },
]
